// !$*UTF8*$!
{
	archiveVersion = 1;
	classes = {
	};
	objectVersion = 55;
	objects = {

/* Begin PBXBuildFile section */
		848DCF4728146B54000295DD /* CeibaChallengeApp.swift in Sources */ = {isa = PBXBuildFile; fileRef = 848DCF4628146B54000295DD /* CeibaChallengeApp.swift */; };
		848DCF4928146B54000295DD /* UsersView.swift in Sources */ = {isa = PBXBuildFile; fileRef = 848DCF4828146B54000295DD /* UsersView.swift */; };
		848DCF4B28146B58000295DD /* Assets.xcassets in Resources */ = {isa = PBXBuildFile; fileRef = 848DCF4A28146B58000295DD /* Assets.xcassets */; };
		848DCF4E28146B58000295DD /* Preview Assets.xcassets in Resources */ = {isa = PBXBuildFile; fileRef = 848DCF4D28146B58000295DD /* Preview Assets.xcassets */; };
		848DCF5028146B58000295DD /* Persistence.swift in Sources */ = {isa = PBXBuildFile; fileRef = 848DCF4F28146B58000295DD /* Persistence.swift */; };
		848DCF5328146B58000295DD /* CeibaChallenge.xcdatamodeld in Sources */ = {isa = PBXBuildFile; fileRef = 848DCF5128146B58000295DD /* CeibaChallenge.xcdatamodeld */; };
		848DCF5D28146B59000295DD /* CeibaChallengeTests.swift in Sources */ = {isa = PBXBuildFile; fileRef = 848DCF5C28146B59000295DD /* CeibaChallengeTests.swift */; };
		848DCF7828146C0A000295DD /* Alamofire in Frameworks */ = {isa = PBXBuildFile; productRef = 848DCF7728146C0A000295DD /* Alamofire */; };
		848DCF8228146DE1000295DD /* UsersAddress.swift in Sources */ = {isa = PBXBuildFile; fileRef = 848DCF7E28146DE1000295DD /* UsersAddress.swift */; };
		848DCF8328146DE1000295DD /* UsersAddress.swift in Sources */ = {isa = PBXBuildFile; fileRef = 848DCF7E28146DE1000295DD /* UsersAddress.swift */; };
		848DCF8528146DE1000295DD /* UsersCompany.swift in Sources */ = {isa = PBXBuildFile; fileRef = 848DCF7F28146DE1000295DD /* UsersCompany.swift */; };
		848DCF8628146DE1000295DD /* UsersCompany.swift in Sources */ = {isa = PBXBuildFile; fileRef = 848DCF7F28146DE1000295DD /* UsersCompany.swift */; };
		848DCF8828146DE1000295DD /* UsersGeo.swift in Sources */ = {isa = PBXBuildFile; fileRef = 848DCF8028146DE1000295DD /* UsersGeo.swift */; };
		848DCF8928146DE1000295DD /* UsersGeo.swift in Sources */ = {isa = PBXBuildFile; fileRef = 848DCF8028146DE1000295DD /* UsersGeo.swift */; };
		848DCF8B28146DE1000295DD /* UsersResponse.swift in Sources */ = {isa = PBXBuildFile; fileRef = 848DCF8128146DE1000295DD /* UsersResponse.swift */; };
		848DCF8C28146DE1000295DD /* UsersResponse.swift in Sources */ = {isa = PBXBuildFile; fileRef = 848DCF8128146DE1000295DD /* UsersResponse.swift */; };
		848DCF8F28146E4B000295DD /* PostsResponse.swift in Sources */ = {isa = PBXBuildFile; fileRef = 848DCF8E28146E4A000295DD /* PostsResponse.swift */; };
		848DCF9028146E4B000295DD /* PostsResponse.swift in Sources */ = {isa = PBXBuildFile; fileRef = 848DCF8E28146E4A000295DD /* PostsResponse.swift */; };
		848DCF9328146EB0000295DD /* NetworkManager.swift in Sources */ = {isa = PBXBuildFile; fileRef = 848DCF9228146EB0000295DD /* NetworkManager.swift */; };
		848DCF9428146EB0000295DD /* NetworkManager.swift in Sources */ = {isa = PBXBuildFile; fileRef = 848DCF9228146EB0000295DD /* NetworkManager.swift */; };
		848DCF9828147243000295DD /* UsersViewModel.swift in Sources */ = {isa = PBXBuildFile; fileRef = 848DCF9728147243000295DD /* UsersViewModel.swift */; };
		848DCF9928147243000295DD /* UsersViewModel.swift in Sources */ = {isa = PBXBuildFile; fileRef = 848DCF9728147243000295DD /* UsersViewModel.swift */; };
		848DCF9C2814724E000295DD /* PostsViewModel.swift in Sources */ = {isa = PBXBuildFile; fileRef = 848DCF9B2814724E000295DD /* PostsViewModel.swift */; };
		848DCF9D2814724E000295DD /* PostsViewModel.swift in Sources */ = {isa = PBXBuildFile; fileRef = 848DCF9B2814724E000295DD /* PostsViewModel.swift */; };
		848DCFA128147573000295DD /* Extensions.swift in Sources */ = {isa = PBXBuildFile; fileRef = 848DCFA028147573000295DD /* Extensions.swift */; };
		848DCFA228147573000295DD /* Extensions.swift in Sources */ = {isa = PBXBuildFile; fileRef = 848DCFA028147573000295DD /* Extensions.swift */; };
		848DCFA528148075000295DD /* PostsView.swift in Sources */ = {isa = PBXBuildFile; fileRef = 848DCFA428148075000295DD /* PostsView.swift */; };
		848DCFA628148075000295DD /* PostsView.swift in Sources */ = {isa = PBXBuildFile; fileRef = 848DCFA428148075000295DD /* PostsView.swift */; };
		848DCFAB281488D7000295DD /* HeaderView.swift in Sources */ = {isa = PBXBuildFile; fileRef = 848DCFAA281488D7000295DD /* HeaderView.swift */; };
		848DCFAC281488D7000295DD /* HeaderView.swift in Sources */ = {isa = PBXBuildFile; fileRef = 848DCFAA281488D7000295DD /* HeaderView.swift */; };
		848DCFAF28148C4F000295DD /* SearchBar.swift in Sources */ = {isa = PBXBuildFile; fileRef = 848DCFAE28148C4F000295DD /* SearchBar.swift */; };
		848DCFB028148C4F000295DD /* SearchBar.swift in Sources */ = {isa = PBXBuildFile; fileRef = 848DCFAE28148C4F000295DD /* SearchBar.swift */; };
		84CB25FD2814F8170066AAFE /* CeibaChallenge.xcdatamodeld in Sources */ = {isa = PBXBuildFile; fileRef = 848DCF5128146B58000295DD /* CeibaChallenge.xcdatamodeld */; };
		84CB26002814FA9F0066AAFE /* MockProtocol.swift in Sources */ = {isa = PBXBuildFile; fileRef = 84CB25FF2814FA9F0066AAFE /* MockProtocol.swift */; };
		84CB26012814FA9F0066AAFE /* MockProtocol.swift in Sources */ = {isa = PBXBuildFile; fileRef = 84CB25FF2814FA9F0066AAFE /* MockProtocol.swift */; };
/* End PBXBuildFile section */

/* Begin PBXContainerItemProxy section */
		848DCF5928146B59000295DD /* PBXContainerItemProxy */ = {
			isa = PBXContainerItemProxy;
			containerPortal = 848DCF3B28146B54000295DD /* Project object */;
			proxyType = 1;
			remoteGlobalIDString = 848DCF4228146B54000295DD;
			remoteInfo = CeibaChallenge;
		};
/* End PBXContainerItemProxy section */

/* Begin PBXFileReference section */
		848DCF4328146B54000295DD /* CeibaChallenge.app */ = {isa = PBXFileReference; explicitFileType = wrapper.application; includeInIndex = 0; path = CeibaChallenge.app; sourceTree = BUILT_PRODUCTS_DIR; };
		848DCF4628146B54000295DD /* CeibaChallengeApp.swift */ = {isa = PBXFileReference; lastKnownFileType = sourcecode.swift; path = CeibaChallengeApp.swift; sourceTree = "<group>"; };
		848DCF4828146B54000295DD /* UsersView.swift */ = {isa = PBXFileReference; lastKnownFileType = sourcecode.swift; path = UsersView.swift; sourceTree = "<group>"; };
		848DCF4A28146B58000295DD /* Assets.xcassets */ = {isa = PBXFileReference; lastKnownFileType = folder.assetcatalog; path = Assets.xcassets; sourceTree = "<group>"; };
		848DCF4D28146B58000295DD /* Preview Assets.xcassets */ = {isa = PBXFileReference; lastKnownFileType = folder.assetcatalog; path = "Preview Assets.xcassets"; sourceTree = "<group>"; };
		848DCF4F28146B58000295DD /* Persistence.swift */ = {isa = PBXFileReference; lastKnownFileType = sourcecode.swift; path = Persistence.swift; sourceTree = "<group>"; };
		848DCF5228146B58000295DD /* CeibaChallenge.xcdatamodel */ = {isa = PBXFileReference; lastKnownFileType = wrapper.xcdatamodel; path = CeibaChallenge.xcdatamodel; sourceTree = "<group>"; };
		848DCF5828146B59000295DD /* CeibaChallengeTests.xctest */ = {isa = PBXFileReference; explicitFileType = wrapper.cfbundle; includeInIndex = 0; path = CeibaChallengeTests.xctest; sourceTree = BUILT_PRODUCTS_DIR; };
		848DCF5C28146B59000295DD /* CeibaChallengeTests.swift */ = {isa = PBXFileReference; lastKnownFileType = sourcecode.swift; path = CeibaChallengeTests.swift; sourceTree = "<group>"; };
		848DCF7E28146DE1000295DD /* UsersAddress.swift */ = {isa = PBXFileReference; fileEncoding = 4; lastKnownFileType = sourcecode.swift; path = UsersAddress.swift; sourceTree = "<group>"; };
		848DCF7F28146DE1000295DD /* UsersCompany.swift */ = {isa = PBXFileReference; fileEncoding = 4; lastKnownFileType = sourcecode.swift; path = UsersCompany.swift; sourceTree = "<group>"; };
		848DCF8028146DE1000295DD /* UsersGeo.swift */ = {isa = PBXFileReference; fileEncoding = 4; lastKnownFileType = sourcecode.swift; path = UsersGeo.swift; sourceTree = "<group>"; };
		848DCF8128146DE1000295DD /* UsersResponse.swift */ = {isa = PBXFileReference; fileEncoding = 4; lastKnownFileType = sourcecode.swift; path = UsersResponse.swift; sourceTree = "<group>"; };
		848DCF8E28146E4A000295DD /* PostsResponse.swift */ = {isa = PBXFileReference; fileEncoding = 4; lastKnownFileType = sourcecode.swift; path = PostsResponse.swift; sourceTree = "<group>"; };
		848DCF9228146EB0000295DD /* NetworkManager.swift */ = {isa = PBXFileReference; lastKnownFileType = sourcecode.swift; path = NetworkManager.swift; sourceTree = "<group>"; };
		848DCF9728147243000295DD /* UsersViewModel.swift */ = {isa = PBXFileReference; lastKnownFileType = sourcecode.swift; path = UsersViewModel.swift; sourceTree = "<group>"; };
		848DCF9B2814724E000295DD /* PostsViewModel.swift */ = {isa = PBXFileReference; lastKnownFileType = sourcecode.swift; path = PostsViewModel.swift; sourceTree = "<group>"; };
		848DCFA028147573000295DD /* Extensions.swift */ = {isa = PBXFileReference; lastKnownFileType = sourcecode.swift; path = Extensions.swift; sourceTree = "<group>"; };
		848DCFA428148075000295DD /* PostsView.swift */ = {isa = PBXFileReference; lastKnownFileType = sourcecode.swift; path = PostsView.swift; sourceTree = "<group>"; };
		848DCFAA281488D7000295DD /* HeaderView.swift */ = {isa = PBXFileReference; lastKnownFileType = sourcecode.swift; path = HeaderView.swift; sourceTree = "<group>"; };
		848DCFAE28148C4F000295DD /* SearchBar.swift */ = {isa = PBXFileReference; lastKnownFileType = sourcecode.swift; path = SearchBar.swift; sourceTree = "<group>"; };
		84CB25FF2814FA9F0066AAFE /* MockProtocol.swift */ = {isa = PBXFileReference; lastKnownFileType = sourcecode.swift; path = MockProtocol.swift; sourceTree = "<group>"; };
/* End PBXFileReference section */

/* Begin PBXFrameworksBuildPhase section */
		848DCF4028146B54000295DD /* Frameworks */ = {
			isa = PBXFrameworksBuildPhase;
			buildActionMask = 2147483647;
			files = (
				848DCF7828146C0A000295DD /* Alamofire in Frameworks */,
			);
			runOnlyForDeploymentPostprocessing = 0;
		};
		848DCF5528146B59000295DD /* Frameworks */ = {
			isa = PBXFrameworksBuildPhase;
			buildActionMask = 2147483647;
			files = (
			);
			runOnlyForDeploymentPostprocessing = 0;
		};
/* End PBXFrameworksBuildPhase section */

/* Begin PBXGroup section */
		848DCF3A28146B54000295DD = {
			isa = PBXGroup;
			children = (
				848DCF4528146B54000295DD /* CeibaChallenge */,
				848DCF5B28146B59000295DD /* CeibaChallengeTests */,
				848DCF4428146B54000295DD /* Products */,
			);
			sourceTree = "<group>";
		};
		848DCF4428146B54000295DD /* Products */ = {
			isa = PBXGroup;
			children = (
				848DCF4328146B54000295DD /* CeibaChallenge.app */,
				848DCF5828146B59000295DD /* CeibaChallengeTests.xctest */,
			);
			name = Products;
			sourceTree = "<group>";
		};
		848DCF4528146B54000295DD /* CeibaChallenge */ = {
			isa = PBXGroup;
			children = (
				848DCFA828148083000295DD /* View */,
				848DCF9F28147566000295DD /* Common */,
				848DCF962814712A000295DD /* ViewModels */,
				848DCF7D28146DC8000295DD /* Models */,
				848DCF7528146B7E000295DD /* Network */,
				848DCF4628146B54000295DD /* CeibaChallengeApp.swift */,
				848DCF4A28146B58000295DD /* Assets.xcassets */,
				848DCF4F28146B58000295DD /* Persistence.swift */,
				848DCF5128146B58000295DD /* CeibaChallenge.xcdatamodeld */,
				848DCF4C28146B58000295DD /* Preview Content */,
			);
			path = CeibaChallenge;
			sourceTree = "<group>";
		};
		848DCF4C28146B58000295DD /* Preview Content */ = {
			isa = PBXGroup;
			children = (
				848DCF4D28146B58000295DD /* Preview Assets.xcassets */,
			);
			path = "Preview Content";
			sourceTree = "<group>";
		};
		848DCF5B28146B59000295DD /* CeibaChallengeTests */ = {
			isa = PBXGroup;
			children = (
				848DCF5C28146B59000295DD /* CeibaChallengeTests.swift */,
				84CB25FF2814FA9F0066AAFE /* MockProtocol.swift */,
			);
			path = CeibaChallengeTests;
			sourceTree = "<group>";
		};
		848DCF7528146B7E000295DD /* Network */ = {
			isa = PBXGroup;
			children = (
				848DCF9228146EB0000295DD /* NetworkManager.swift */,
			);
			path = Network;
			sourceTree = "<group>";
		};
		848DCF7D28146DC8000295DD /* Models */ = {
			isa = PBXGroup;
			children = (
				848DCF7E28146DE1000295DD /* UsersAddress.swift */,
				848DCF7F28146DE1000295DD /* UsersCompany.swift */,
				848DCF8028146DE1000295DD /* UsersGeo.swift */,
				848DCF8128146DE1000295DD /* UsersResponse.swift */,
				848DCF8E28146E4A000295DD /* PostsResponse.swift */,
			);
			path = Models;
			sourceTree = "<group>";
		};
		848DCF962814712A000295DD /* ViewModels */ = {
			isa = PBXGroup;
			children = (
				848DCF9728147243000295DD /* UsersViewModel.swift */,
				848DCF9B2814724E000295DD /* PostsViewModel.swift */,
			);
			path = ViewModels;
			sourceTree = "<group>";
		};
		848DCF9F28147566000295DD /* Common */ = {
			isa = PBXGroup;
			children = (
				848DCFA028147573000295DD /* Extensions.swift */,
			);
			path = Common;
			sourceTree = "<group>";
		};
		848DCFA828148083000295DD /* View */ = {
			isa = PBXGroup;
			children = (
				848DCFA9281488C6000295DD /* Common */,
				848DCF4828146B54000295DD /* UsersView.swift */,
				848DCFA428148075000295DD /* PostsView.swift */,
			);
			path = View;
			sourceTree = "<group>";
		};
		848DCFA9281488C6000295DD /* Common */ = {
			isa = PBXGroup;
			children = (
				848DCFAA281488D7000295DD /* HeaderView.swift */,
				848DCFAE28148C4F000295DD /* SearchBar.swift */,
			);
			path = Common;
			sourceTree = "<group>";
		};
/* End PBXGroup section */

/* Begin PBXNativeTarget section */
		848DCF4228146B54000295DD /* CeibaChallenge */ = {
			isa = PBXNativeTarget;
			buildConfigurationList = 848DCF6C28146B59000295DD /* Build configuration list for PBXNativeTarget "CeibaChallenge" */;
			buildPhases = (
				848DCF3F28146B54000295DD /* Sources */,
				848DCF4028146B54000295DD /* Frameworks */,
				848DCF4128146B54000295DD /* Resources */,
			);
			buildRules = (
			);
			dependencies = (
			);
			name = CeibaChallenge;
			packageProductDependencies = (
				848DCF7728146C0A000295DD /* Alamofire */,
			);
			productName = CeibaChallenge;
			productReference = 848DCF4328146B54000295DD /* CeibaChallenge.app */;
			productType = "com.apple.product-type.application";
		};
		848DCF5728146B59000295DD /* CeibaChallengeTests */ = {
			isa = PBXNativeTarget;
			buildConfigurationList = 848DCF6F28146B59000295DD /* Build configuration list for PBXNativeTarget "CeibaChallengeTests" */;
			buildPhases = (
				848DCF5428146B59000295DD /* Sources */,
				848DCF5528146B59000295DD /* Frameworks */,
				848DCF5628146B59000295DD /* Resources */,
			);
			buildRules = (
			);
			dependencies = (
				848DCF5A28146B59000295DD /* PBXTargetDependency */,
			);
			name = CeibaChallengeTests;
			productName = CeibaChallengeTests;
			productReference = 848DCF5828146B59000295DD /* CeibaChallengeTests.xctest */;
			productType = "com.apple.product-type.bundle.unit-test";
		};
/* End PBXNativeTarget section */

/* Begin PBXProject section */
		848DCF3B28146B54000295DD /* Project object */ = {
			isa = PBXProject;
			attributes = {
				BuildIndependentTargetsInParallel = 1;
				LastSwiftUpdateCheck = 1330;
				LastUpgradeCheck = 1330;
				TargetAttributes = {
					848DCF4228146B54000295DD = {
						CreatedOnToolsVersion = 13.3.1;
					};
					848DCF5728146B59000295DD = {
						CreatedOnToolsVersion = 13.3.1;
						TestTargetID = 848DCF4228146B54000295DD;
					};
				};
			};
			buildConfigurationList = 848DCF3E28146B54000295DD /* Build configuration list for PBXProject "CeibaChallenge" */;
			compatibilityVersion = "Xcode 13.0";
			developmentRegion = en;
			hasScannedForEncodings = 0;
			knownRegions = (
				en,
				Base,
			);
			mainGroup = 848DCF3A28146B54000295DD;
			packageReferences = (
				848DCF7628146C0A000295DD /* XCRemoteSwiftPackageReference "Alamofire" */,
			);
			productRefGroup = 848DCF4428146B54000295DD /* Products */;
			projectDirPath = "";
			projectRoot = "";
			targets = (
				848DCF4228146B54000295DD /* CeibaChallenge */,
				848DCF5728146B59000295DD /* CeibaChallengeTests */,
			);
		};
/* End PBXProject section */

/* Begin PBXResourcesBuildPhase section */
		848DCF4128146B54000295DD /* Resources */ = {
			isa = PBXResourcesBuildPhase;
			buildActionMask = 2147483647;
			files = (
				848DCF4E28146B58000295DD /* Preview Assets.xcassets in Resources */,
				848DCF4B28146B58000295DD /* Assets.xcassets in Resources */,
			);
			runOnlyForDeploymentPostprocessing = 0;
		};
		848DCF5628146B59000295DD /* Resources */ = {
			isa = PBXResourcesBuildPhase;
			buildActionMask = 2147483647;
			files = (
			);
			runOnlyForDeploymentPostprocessing = 0;
		};
/* End PBXResourcesBuildPhase section */

/* Begin PBXSourcesBuildPhase section */
		848DCF3F28146B54000295DD /* Sources */ = {
			isa = PBXSourcesBuildPhase;
			buildActionMask = 2147483647;
			files = (
				848DCFA528148075000295DD /* PostsView.swift in Sources */,
				848DCF9828147243000295DD /* UsersViewModel.swift in Sources */,
				848DCF8828146DE1000295DD /* UsersGeo.swift in Sources */,
				848DCF5028146B58000295DD /* Persistence.swift in Sources */,
				848DCF9328146EB0000295DD /* NetworkManager.swift in Sources */,
				848DCFAF28148C4F000295DD /* SearchBar.swift in Sources */,
				848DCF4928146B54000295DD /* UsersView.swift in Sources */,
				848DCF8228146DE1000295DD /* UsersAddress.swift in Sources */,
				848DCF5328146B58000295DD /* CeibaChallenge.xcdatamodeld in Sources */,
				848DCF8528146DE1000295DD /* UsersCompany.swift in Sources */,
				848DCFA128147573000295DD /* Extensions.swift in Sources */,
				848DCFAB281488D7000295DD /* HeaderView.swift in Sources */,
				84CB26002814FA9F0066AAFE /* MockProtocol.swift in Sources */,
				848DCF9C2814724E000295DD /* PostsViewModel.swift in Sources */,
				848DCF8F28146E4B000295DD /* PostsResponse.swift in Sources */,
				848DCF4728146B54000295DD /* CeibaChallengeApp.swift in Sources */,
				848DCF8B28146DE1000295DD /* UsersResponse.swift in Sources */,
			);
			runOnlyForDeploymentPostprocessing = 0;
		};
		848DCF5428146B59000295DD /* Sources */ = {
			isa = PBXSourcesBuildPhase;
			buildActionMask = 2147483647;
			files = (
				848DCFB028148C4F000295DD /* SearchBar.swift in Sources */,
				848DCF9028146E4B000295DD /* PostsResponse.swift in Sources */,
				848DCF5D28146B59000295DD /* CeibaChallengeTests.swift in Sources */,
				848DCF8C28146DE1000295DD /* UsersResponse.swift in Sources */,
				848DCF9428146EB0000295DD /* NetworkManager.swift in Sources */,
				848DCF8628146DE1000295DD /* UsersCompany.swift in Sources */,
				848DCFA228147573000295DD /* Extensions.swift in Sources */,
				848DCF9D2814724E000295DD /* PostsViewModel.swift in Sources */,
				848DCFAC281488D7000295DD /* HeaderView.swift in Sources */,
				848DCF9928147243000295DD /* UsersViewModel.swift in Sources */,
				84CB25FD2814F8170066AAFE /* CeibaChallenge.xcdatamodeld in Sources */,
				848DCF8928146DE1000295DD /* UsersGeo.swift in Sources */,
				84CB26012814FA9F0066AAFE /* MockProtocol.swift in Sources */,
				848DCFA628148075000295DD /* PostsView.swift in Sources */,
				848DCF8328146DE1000295DD /* UsersAddress.swift in Sources */,
			);
			runOnlyForDeploymentPostprocessing = 0;
		};
/* End PBXSourcesBuildPhase section */

/* Begin PBXTargetDependency section */
		848DCF5A28146B59000295DD /* PBXTargetDependency */ = {
			isa = PBXTargetDependency;
			target = 848DCF4228146B54000295DD /* CeibaChallenge */;
			targetProxy = 848DCF5928146B59000295DD /* PBXContainerItemProxy */;
		};
/* End PBXTargetDependency section */

/* Begin XCBuildConfiguration section */
		848DCF6A28146B59000295DD /* Debug */ = {
			isa = XCBuildConfiguration;
			buildSettings = {
				ALWAYS_SEARCH_USER_PATHS = NO;
				CLANG_ANALYZER_NONNULL = YES;
				CLANG_ANALYZER_NUMBER_OBJECT_CONVERSION = YES_AGGRESSIVE;
				CLANG_CXX_LANGUAGE_STANDARD = "gnu++17";
				CLANG_ENABLE_MODULES = YES;
				CLANG_ENABLE_OBJC_ARC = YES;
				CLANG_ENABLE_OBJC_WEAK = YES;
				CLANG_WARN_BLOCK_CAPTURE_AUTORELEASING = YES;
				CLANG_WARN_BOOL_CONVERSION = YES;
				CLANG_WARN_COMMA = YES;
				CLANG_WARN_CONSTANT_CONVERSION = YES;
				CLANG_WARN_DEPRECATED_OBJC_IMPLEMENTATIONS = YES;
				CLANG_WARN_DIRECT_OBJC_ISA_USAGE = YES_ERROR;
				CLANG_WARN_DOCUMENTATION_COMMENTS = YES;
				CLANG_WARN_EMPTY_BODY = YES;
				CLANG_WARN_ENUM_CONVERSION = YES;
				CLANG_WARN_INFINITE_RECURSION = YES;
				CLANG_WARN_INT_CONVERSION = YES;
				CLANG_WARN_NON_LITERAL_NULL_CONVERSION = YES;
				CLANG_WARN_OBJC_IMPLICIT_RETAIN_SELF = YES;
				CLANG_WARN_OBJC_LITERAL_CONVERSION = YES;
				CLANG_WARN_OBJC_ROOT_CLASS = YES_ERROR;
				CLANG_WARN_QUOTED_INCLUDE_IN_FRAMEWORK_HEADER = YES;
				CLANG_WARN_RANGE_LOOP_ANALYSIS = YES;
				CLANG_WARN_STRICT_PROTOTYPES = YES;
				CLANG_WARN_SUSPICIOUS_MOVE = YES;
				CLANG_WARN_UNGUARDED_AVAILABILITY = YES_AGGRESSIVE;
				CLANG_WARN_UNREACHABLE_CODE = YES;
				CLANG_WARN__DUPLICATE_METHOD_MATCH = YES;
				COPY_PHASE_STRIP = NO;
				DEBUG_INFORMATION_FORMAT = dwarf;
				ENABLE_STRICT_OBJC_MSGSEND = YES;
				ENABLE_TESTABILITY = YES;
				GCC_C_LANGUAGE_STANDARD = gnu11;
				GCC_DYNAMIC_NO_PIC = NO;
				GCC_NO_COMMON_BLOCKS = YES;
				GCC_OPTIMIZATION_LEVEL = 0;
				GCC_PREPROCESSOR_DEFINITIONS = (
					"DEBUG=1",
					"$(inherited)",
				);
				GCC_WARN_64_TO_32_BIT_CONVERSION = YES;
				GCC_WARN_ABOUT_RETURN_TYPE = YES_ERROR;
				GCC_WARN_UNDECLARED_SELECTOR = YES;
				GCC_WARN_UNINITIALIZED_AUTOS = YES_AGGRESSIVE;
				GCC_WARN_UNUSED_FUNCTION = YES;
				GCC_WARN_UNUSED_VARIABLE = YES;
				IPHONEOS_DEPLOYMENT_TARGET = 15.4;
				MTL_ENABLE_DEBUG_INFO = INCLUDE_SOURCE;
				MTL_FAST_MATH = YES;
				ONLY_ACTIVE_ARCH = YES;
				SDKROOT = iphoneos;
				SWIFT_ACTIVE_COMPILATION_CONDITIONS = DEBUG;
				SWIFT_OPTIMIZATION_LEVEL = "-Onone";
			};
			name = Debug;
		};
		848DCF6B28146B59000295DD /* Release */ = {
			isa = XCBuildConfiguration;
			buildSettings = {
				ALWAYS_SEARCH_USER_PATHS = NO;
				CLANG_ANALYZER_NONNULL = YES;
				CLANG_ANALYZER_NUMBER_OBJECT_CONVERSION = YES_AGGRESSIVE;
				CLANG_CXX_LANGUAGE_STANDARD = "gnu++17";
				CLANG_ENABLE_MODULES = YES;
				CLANG_ENABLE_OBJC_ARC = YES;
				CLANG_ENABLE_OBJC_WEAK = YES;
				CLANG_WARN_BLOCK_CAPTURE_AUTORELEASING = YES;
				CLANG_WARN_BOOL_CONVERSION = YES;
				CLANG_WARN_COMMA = YES;
				CLANG_WARN_CONSTANT_CONVERSION = YES;
				CLANG_WARN_DEPRECATED_OBJC_IMPLEMENTATIONS = YES;
				CLANG_WARN_DIRECT_OBJC_ISA_USAGE = YES_ERROR;
				CLANG_WARN_DOCUMENTATION_COMMENTS = YES;
				CLANG_WARN_EMPTY_BODY = YES;
				CLANG_WARN_ENUM_CONVERSION = YES;
				CLANG_WARN_INFINITE_RECURSION = YES;
				CLANG_WARN_INT_CONVERSION = YES;
				CLANG_WARN_NON_LITERAL_NULL_CONVERSION = YES;
				CLANG_WARN_OBJC_IMPLICIT_RETAIN_SELF = YES;
				CLANG_WARN_OBJC_LITERAL_CONVERSION = YES;
				CLANG_WARN_OBJC_ROOT_CLASS = YES_ERROR;
				CLANG_WARN_QUOTED_INCLUDE_IN_FRAMEWORK_HEADER = YES;
				CLANG_WARN_RANGE_LOOP_ANALYSIS = YES;
				CLANG_WARN_STRICT_PROTOTYPES = YES;
				CLANG_WARN_SUSPICIOUS_MOVE = YES;
				CLANG_WARN_UNGUARDED_AVAILABILITY = YES_AGGRESSIVE;
				CLANG_WARN_UNREACHABLE_CODE = YES;
				CLANG_WARN__DUPLICATE_METHOD_MATCH = YES;
				COPY_PHASE_STRIP = NO;
				DEBUG_INFORMATION_FORMAT = "dwarf-with-dsym";
				ENABLE_NS_ASSERTIONS = NO;
				ENABLE_STRICT_OBJC_MSGSEND = YES;
				GCC_C_LANGUAGE_STANDARD = gnu11;
				GCC_NO_COMMON_BLOCKS = YES;
				GCC_WARN_64_TO_32_BIT_CONVERSION = YES;
				GCC_WARN_ABOUT_RETURN_TYPE = YES_ERROR;
				GCC_WARN_UNDECLARED_SELECTOR = YES;
				GCC_WARN_UNINITIALIZED_AUTOS = YES_AGGRESSIVE;
				GCC_WARN_UNUSED_FUNCTION = YES;
				GCC_WARN_UNUSED_VARIABLE = YES;
				IPHONEOS_DEPLOYMENT_TARGET = 15.4;
				MTL_ENABLE_DEBUG_INFO = NO;
				MTL_FAST_MATH = YES;
				SDKROOT = iphoneos;
				SWIFT_COMPILATION_MODE = wholemodule;
				SWIFT_OPTIMIZATION_LEVEL = "-O";
				VALIDATE_PRODUCT = YES;
			};
			name = Release;
		};
		848DCF6D28146B59000295DD /* Debug */ = {
			isa = XCBuildConfiguration;
			buildSettings = {
				ASSETCATALOG_COMPILER_APPICON_NAME = AppIcon;
				ASSETCATALOG_COMPILER_GLOBAL_ACCENT_COLOR_NAME = AccentColor;
				CODE_SIGN_STYLE = Automatic;
				CURRENT_PROJECT_VERSION = 1;
				DEVELOPMENT_ASSET_PATHS = "\"CeibaChallenge/Preview Content\"";
				DEVELOPMENT_TEAM = Q9VN8QG2L3;
				ENABLE_PREVIEWS = YES;
				GENERATE_INFOPLIST_FILE = YES;
				INFOPLIST_KEY_UIApplicationSceneManifest_Generation = YES;
				INFOPLIST_KEY_UIApplicationSupportsIndirectInputEvents = YES;
				INFOPLIST_KEY_UILaunchScreen_Generation = YES;
				INFOPLIST_KEY_UISupportedInterfaceOrientations_iPad = "UIInterfaceOrientationPortrait UIInterfaceOrientationPortraitUpsideDown UIInterfaceOrientationLandscapeLeft UIInterfaceOrientationLandscapeRight";
				INFOPLIST_KEY_UISupportedInterfaceOrientations_iPhone = "UIInterfaceOrientationPortrait UIInterfaceOrientationLandscapeLeft UIInterfaceOrientationLandscapeRight";
				LD_RUNPATH_SEARCH_PATHS = (
					"$(inherited)",
					"@executable_path/Frameworks",
				);
				MARKETING_VERSION = 1.0;
				PRODUCT_BUNDLE_IDENTIFIER = com.test.CeibaChallenge;
				PRODUCT_NAME = "$(TARGET_NAME)";
				SWIFT_EMIT_LOC_STRINGS = YES;
				SWIFT_VERSION = 5.0;
				TARGETED_DEVICE_FAMILY = "1,2";
			};
			name = Debug;
		};
		848DCF6E28146B59000295DD /* Release */ = {
			isa = XCBuildConfiguration;
			buildSettings = {
				ASSETCATALOG_COMPILER_APPICON_NAME = AppIcon;
				ASSETCATALOG_COMPILER_GLOBAL_ACCENT_COLOR_NAME = AccentColor;
				CODE_SIGN_STYLE = Automatic;
				CURRENT_PROJECT_VERSION = 1;
				DEVELOPMENT_ASSET_PATHS = "\"CeibaChallenge/Preview Content\"";
				DEVELOPMENT_TEAM = Q9VN8QG2L3;
				ENABLE_PREVIEWS = YES;
				GENERATE_INFOPLIST_FILE = YES;
				INFOPLIST_KEY_UIApplicationSceneManifest_Generation = YES;
				INFOPLIST_KEY_UIApplicationSupportsIndirectInputEvents = YES;
				INFOPLIST_KEY_UILaunchScreen_Generation = YES;
				INFOPLIST_KEY_UISupportedInterfaceOrientations_iPad = "UIInterfaceOrientationPortrait UIInterfaceOrientationPortraitUpsideDown UIInterfaceOrientationLandscapeLeft UIInterfaceOrientationLandscapeRight";
				INFOPLIST_KEY_UISupportedInterfaceOrientations_iPhone = "UIInterfaceOrientationPortrait UIInterfaceOrientationLandscapeLeft UIInterfaceOrientationLandscapeRight";
				LD_RUNPATH_SEARCH_PATHS = (
					"$(inherited)",
					"@executable_path/Frameworks",
				);
				MARKETING_VERSION = 1.0;
				PRODUCT_BUNDLE_IDENTIFIER = com.test.CeibaChallenge;
				PRODUCT_NAME = "$(TARGET_NAME)";
				SWIFT_EMIT_LOC_STRINGS = YES;
				SWIFT_VERSION = 5.0;
				TARGETED_DEVICE_FAMILY = "1,2";
			};
			name = Release;
		};
		848DCF7028146B59000295DD /* Debug */ = {
			isa = XCBuildConfiguration;
			buildSettings = {
				ALWAYS_EMBED_SWIFT_STANDARD_LIBRARIES = YES;
				BUNDLE_LOADER = "$(TEST_HOST)";
				CODE_SIGN_STYLE = Automatic;
				CURRENT_PROJECT_VERSION = 1;
				DEVELOPMENT_TEAM = Q9VN8QG2L3;
				GENERATE_INFOPLIST_FILE = YES;
				IPHONEOS_DEPLOYMENT_TARGET = 15.4;
				MARKETING_VERSION = 1.0;
				PRODUCT_BUNDLE_IDENTIFIER = com.test.CeibaChallengeTests;
				PRODUCT_NAME = "$(TARGET_NAME)";
				SWIFT_EMIT_LOC_STRINGS = NO;
				SWIFT_VERSION = 5.0;
				TARGETED_DEVICE_FAMILY = "1,2";
				TEST_HOST = "$(BUILT_PRODUCTS_DIR)/CeibaChallenge.app/CeibaChallenge";
			};
			name = Debug;
		};
		848DCF7128146B59000295DD /* Release */ = {
			isa = XCBuildConfiguration;
			buildSettings = {
				ALWAYS_EMBED_SWIFT_STANDARD_LIBRARIES = YES;
				BUNDLE_LOADER = "$(TEST_HOST)";
				CODE_SIGN_STYLE = Automatic;
				CURRENT_PROJECT_VERSION = 1;
				DEVELOPMENT_TEAM = Q9VN8QG2L3;
				GENERATE_INFOPLIST_FILE = YES;
				IPHONEOS_DEPLOYMENT_TARGET = 15.4;
				MARKETING_VERSION = 1.0;
				PRODUCT_BUNDLE_IDENTIFIER = com.test.CeibaChallengeTests;
				PRODUCT_NAME = "$(TARGET_NAME)";
				SWIFT_EMIT_LOC_STRINGS = NO;
				SWIFT_VERSION = 5.0;
				TARGETED_DEVICE_FAMILY = "1,2";
				TEST_HOST = "$(BUILT_PRODUCTS_DIR)/CeibaChallenge.app/CeibaChallenge";
			};
			name = Release;
		};
/* End XCBuildConfiguration section */

/* Begin XCConfigurationList section */
		848DCF3E28146B54000295DD /* Build configuration list for PBXProject "CeibaChallenge" */ = {
			isa = XCConfigurationList;
			buildConfigurations = (
				848DCF6A28146B59000295DD /* Debug */,
				848DCF6B28146B59000295DD /* Release */,
			);
			defaultConfigurationIsVisible = 0;
			defaultConfigurationName = Release;
		};
		848DCF6C28146B59000295DD /* Build configuration list for PBXNativeTarget "CeibaChallenge" */ = {
			isa = XCConfigurationList;
			buildConfigurations = (
				848DCF6D28146B59000295DD /* Debug */,
				848DCF6E28146B59000295DD /* Release */,
			);
			defaultConfigurationIsVisible = 0;
			defaultConfigurationName = Release;
		};
		848DCF6F28146B59000295DD /* Build configuration list for PBXNativeTarget "CeibaChallengeTests" */ = {
			isa = XCConfigurationList;
			buildConfigurations = (
				848DCF7028146B59000295DD /* Debug */,
				848DCF7128146B59000295DD /* Release */,
			);
			defaultConfigurationIsVisible = 0;
			defaultConfigurationName = Release;
		};
/* End XCConfigurationList section */

/* Begin XCRemoteSwiftPackageReference section */
		848DCF7628146C0A000295DD /* XCRemoteSwiftPackageReference "Alamofire" */ = {
			isa = XCRemoteSwiftPackageReference;
			repositoryURL = "https://github.com/Alamofire/Alamofire.git";
			requirement = {
				kind = upToNextMajorVersion;
				minimumVersion = 5.0.0;
			};
		};
/* End XCRemoteSwiftPackageReference section */

/* Begin XCSwiftPackageProductDependency section */
		848DCF7728146C0A000295DD /* Alamofire */ = {
			isa = XCSwiftPackageProductDependency;
			package = 848DCF7628146C0A000295DD /* XCRemoteSwiftPackageReference "Alamofire" */;
			productName = Alamofire;
		};
/* End XCSwiftPackageProductDependency section */

/* Begin XCVersionGroup section */
		848DCF5128146B58000295DD /* CeibaChallenge.xcdatamodeld */ = {
			isa = XCVersionGroup;
			children = (
				848DCF5228146B58000295DD /* CeibaChallenge.xcdatamodel */,
			);
			currentVersion = 848DCF5228146B58000295DD /* CeibaChallenge.xcdatamodel */;
			path = CeibaChallenge.xcdatamodeld;
			sourceTree = "<group>";
			versionGroupType = wrapper.xcdatamodel;
		};
/* End XCVersionGroup section */
	};
	rootObject = 848DCF3B28146B54000295DD /* Project object */;
}
